<?xml version="1.0" encoding="UTF-8"?>
<CodeBlocks_project_file>
	<FileVersion major="1" minor="6"/>
	<Project>
		<Option title="XTPApiDemo"/>
		<Option makefile_is_custom="1"/>
		<Option compiler="clang"/>
		<Option virtualFolders="CMake Files\;CMake Files\src\;"/>
		<Build>
			<Target title="all">
				<Option working_dir="/Users/hanchen/Documents/XTP_API_20180305_1.1.16.20-clang/demo/XTPApiDemo-1.1.16.20"/>
				<Option type="4"/>
				<MakeCommands>
					<Build command="/usr/bin/make -f &quot;/Users/hanchen/Documents/XTP_API_20180305_1.1.16.20-clang/demo/XTPApiDemo-1.1.16.20/Makefile&quot;  VERBOSE=1 all"/>
					<CompileFile command="/usr/bin/make -f &quot;/Users/hanchen/Documents/XTP_API_20180305_1.1.16.20-clang/demo/XTPApiDemo-1.1.16.20/Makefile&quot;  VERBOSE=1 &quot;$file&quot;"/>
					<Clean command="/usr/bin/make -f &quot;/Users/hanchen/Documents/XTP_API_20180305_1.1.16.20-clang/demo/XTPApiDemo-1.1.16.20/Makefile&quot;  VERBOSE=1 clean"/>
					<DistClean command="/usr/bin/make -f &quot;/Users/hanchen/Documents/XTP_API_20180305_1.1.16.20-clang/demo/XTPApiDemo-1.1.16.20/Makefile&quot;  VERBOSE=1 clean"/>
				</MakeCommands>
			</Target>
			<Target title="install/local">
				<Option working_dir="/Users/hanchen/Documents/XTP_API_20180305_1.1.16.20-clang/demo/XTPApiDemo-1.1.16.20"/>
				<Option type="4"/>
				<MakeCommands>
					<Build command="/usr/bin/make -f &quot;/Users/hanchen/Documents/XTP_API_20180305_1.1.16.20-clang/demo/XTPApiDemo-1.1.16.20/Makefile&quot;  VERBOSE=1 install/local"/>
					<CompileFile command="/usr/bin/make -f &quot;/Users/hanchen/Documents/XTP_API_20180305_1.1.16.20-clang/demo/XTPApiDemo-1.1.16.20/Makefile&quot;  VERBOSE=1 &quot;$file&quot;"/>
					<Clean command="/usr/bin/make -f &quot;/Users/hanchen/Documents/XTP_API_20180305_1.1.16.20-clang/demo/XTPApiDemo-1.1.16.20/Makefile&quot;  VERBOSE=1 clean"/>
					<DistClean command="/usr/bin/make -f &quot;/Users/hanchen/Documents/XTP_API_20180305_1.1.16.20-clang/demo/XTPApiDemo-1.1.16.20/Makefile&quot;  VERBOSE=1 clean"/>
				</MakeCommands>
			</Target>
			<Target title="install/strip">
				<Option working_dir="/Users/hanchen/Documents/XTP_API_20180305_1.1.16.20-clang/demo/XTPApiDemo-1.1.16.20"/>
				<Option type="4"/>
				<MakeCommands>
					<Build command="/usr/bin/make -f &quot;/Users/hanchen/Documents/XTP_API_20180305_1.1.16.20-clang/demo/XTPApiDemo-1.1.16.20/Makefile&quot;  VERBOSE=1 install/strip"/>
					<CompileFile command="/usr/bin/make -f &quot;/Users/hanchen/Documents/XTP_API_20180305_1.1.16.20-clang/demo/XTPApiDemo-1.1.16.20/Makefile&quot;  VERBOSE=1 &quot;$file&quot;"/>
					<Clean command="/usr/bin/make -f &quot;/Users/hanchen/Documents/XTP_API_20180305_1.1.16.20-clang/demo/XTPApiDemo-1.1.16.20/Makefile&quot;  VERBOSE=1 clean"/>
					<DistClean command="/usr/bin/make -f &quot;/Users/hanchen/Documents/XTP_API_20180305_1.1.16.20-clang/demo/XTPApiDemo-1.1.16.20/Makefile&quot;  VERBOSE=1 clean"/>
				</MakeCommands>
			</Target>
			<Target title="install">
				<Option working_dir="/Users/hanchen/Documents/XTP_API_20180305_1.1.16.20-clang/demo/XTPApiDemo-1.1.16.20"/>
				<Option type="4"/>
				<MakeCommands>
					<Build command="/usr/bin/make -f &quot;/Users/hanchen/Documents/XTP_API_20180305_1.1.16.20-clang/demo/XTPApiDemo-1.1.16.20/Makefile&quot;  VERBOSE=1 install"/>
					<CompileFile command="/usr/bin/make -f &quot;/Users/hanchen/Documents/XTP_API_20180305_1.1.16.20-clang/demo/XTPApiDemo-1.1.16.20/Makefile&quot;  VERBOSE=1 &quot;$file&quot;"/>
					<Clean command="/usr/bin/make -f &quot;/Users/hanchen/Documents/XTP_API_20180305_1.1.16.20-clang/demo/XTPApiDemo-1.1.16.20/Makefile&quot;  VERBOSE=1 clean"/>
					<DistClean command="/usr/bin/make -f &quot;/Users/hanchen/Documents/XTP_API_20180305_1.1.16.20-clang/demo/XTPApiDemo-1.1.16.20/Makefile&quot;  VERBOSE=1 clean"/>
				</MakeCommands>
			</Target>
			<Target title="list_install_components">
				<Option working_dir="/Users/hanchen/Documents/XTP_API_20180305_1.1.16.20-clang/demo/XTPApiDemo-1.1.16.20"/>
				<Option type="4"/>
				<MakeCommands>
					<Build command="/usr/bin/make -f &quot;/Users/hanchen/Documents/XTP_API_20180305_1.1.16.20-clang/demo/XTPApiDemo-1.1.16.20/Makefile&quot;  VERBOSE=1 list_install_components"/>
					<CompileFile command="/usr/bin/make -f &quot;/Users/hanchen/Documents/XTP_API_20180305_1.1.16.20-clang/demo/XTPApiDemo-1.1.16.20/Makefile&quot;  VERBOSE=1 &quot;$file&quot;"/>
					<Clean command="/usr/bin/make -f &quot;/Users/hanchen/Documents/XTP_API_20180305_1.1.16.20-clang/demo/XTPApiDemo-1.1.16.20/Makefile&quot;  VERBOSE=1 clean"/>
					<DistClean command="/usr/bin/make -f &quot;/Users/hanchen/Documents/XTP_API_20180305_1.1.16.20-clang/demo/XTPApiDemo-1.1.16.20/Makefile&quot;  VERBOSE=1 clean"/>
				</MakeCommands>
			</Target>
			<Target title="rebuild_cache">
				<Option working_dir="/Users/hanchen/Documents/XTP_API_20180305_1.1.16.20-clang/demo/XTPApiDemo-1.1.16.20"/>
				<Option type="4"/>
				<MakeCommands>
					<Build command="/usr/bin/make -f &quot;/Users/hanchen/Documents/XTP_API_20180305_1.1.16.20-clang/demo/XTPApiDemo-1.1.16.20/Makefile&quot;  VERBOSE=1 rebuild_cache"/>
					<CompileFile command="/usr/bin/make -f &quot;/Users/hanchen/Documents/XTP_API_20180305_1.1.16.20-clang/demo/XTPApiDemo-1.1.16.20/Makefile&quot;  VERBOSE=1 &quot;$file&quot;"/>
					<Clean command="/usr/bin/make -f &quot;/Users/hanchen/Documents/XTP_API_20180305_1.1.16.20-clang/demo/XTPApiDemo-1.1.16.20/Makefile&quot;  VERBOSE=1 clean"/>
					<DistClean command="/usr/bin/make -f &quot;/Users/hanchen/Documents/XTP_API_20180305_1.1.16.20-clang/demo/XTPApiDemo-1.1.16.20/Makefile&quot;  VERBOSE=1 clean"/>
				</MakeCommands>
			</Target>
			<Target title="edit_cache">
				<Option working_dir="/Users/hanchen/Documents/XTP_API_20180305_1.1.16.20-clang/demo/XTPApiDemo-1.1.16.20"/>
				<Option type="4"/>
				<MakeCommands>
					<Build command="/usr/bin/make -f &quot;/Users/hanchen/Documents/XTP_API_20180305_1.1.16.20-clang/demo/XTPApiDemo-1.1.16.20/Makefile&quot;  VERBOSE=1 edit_cache"/>
					<CompileFile command="/usr/bin/make -f &quot;/Users/hanchen/Documents/XTP_API_20180305_1.1.16.20-clang/demo/XTPApiDemo-1.1.16.20/Makefile&quot;  VERBOSE=1 &quot;$file&quot;"/>
					<Clean command="/usr/bin/make -f &quot;/Users/hanchen/Documents/XTP_API_20180305_1.1.16.20-clang/demo/XTPApiDemo-1.1.16.20/Makefile&quot;  VERBOSE=1 clean"/>
					<DistClean command="/usr/bin/make -f &quot;/Users/hanchen/Documents/XTP_API_20180305_1.1.16.20-clang/demo/XTPApiDemo-1.1.16.20/Makefile&quot;  VERBOSE=1 clean"/>
				</MakeCommands>
			</Target>
			<Target title="XTPApiDemo">
				<Option output="/Users/hanchen/Documents/XTP_API_20180305_1.1.16.20-clang/demo/XTPApiDemo-1.1.16.20/api/XTPApiDemo" prefix_auto="0" extension_auto="0"/>
				<Option working_dir="/Users/hanchen/Documents/XTP_API_20180305_1.1.16.20-clang/demo/XTPApiDemo-1.1.16.20/api"/>
				<Option object_output="./"/>
				<Option type="1"/>
				<Option compiler="clang"/>
				<Compiler>
					<Add directory="/Users/hanchen/Documents/XTP_API_20180305_1.1.16.20-clang/demo/XTPApiDemo-1.1.16.20/include"/>
					<Add directory="/Users/hanchen/Documents/XTP_API_20180305_1.1.16.20-clang/demo/XTPApiDemo-1.1.16.20/api"/>
				</Compiler>
				<MakeCommands>
					<Build command="/usr/bin/make -f &quot;/Users/hanchen/Documents/XTP_API_20180305_1.1.16.20-clang/demo/XTPApiDemo-1.1.16.20/src/Makefile&quot;  VERBOSE=1 XTPApiDemo"/>
					<CompileFile command="/usr/bin/make -f &quot;/Users/hanchen/Documents/XTP_API_20180305_1.1.16.20-clang/demo/XTPApiDemo-1.1.16.20/src/Makefile&quot;  VERBOSE=1 &quot;$file&quot;"/>
					<Clean command="/usr/bin/make -f &quot;/Users/hanchen/Documents/XTP_API_20180305_1.1.16.20-clang/demo/XTPApiDemo-1.1.16.20/src/Makefile&quot;  VERBOSE=1 clean"/>
					<DistClean command="/usr/bin/make -f &quot;/Users/hanchen/Documents/XTP_API_20180305_1.1.16.20-clang/demo/XTPApiDemo-1.1.16.20/src/Makefile&quot;  VERBOSE=1 clean"/>
				</MakeCommands>
			</Target>
			<Target title="XTPApiDemo/fast">
				<Option output="/Users/hanchen/Documents/XTP_API_20180305_1.1.16.20-clang/demo/XTPApiDemo-1.1.16.20/api/XTPApiDemo" prefix_auto="0" extension_auto="0"/>
				<Option working_dir="/Users/hanchen/Documents/XTP_API_20180305_1.1.16.20-clang/demo/XTPApiDemo-1.1.16.20/api"/>
				<Option object_output="./"/>
				<Option type="1"/>
				<Option compiler="clang"/>
				<Compiler>
					<Add directory="/Users/hanchen/Documents/XTP_API_20180305_1.1.16.20-clang/demo/XTPApiDemo-1.1.16.20/include"/>
					<Add directory="/Users/hanchen/Documents/XTP_API_20180305_1.1.16.20-clang/demo/XTPApiDemo-1.1.16.20/api"/>
				</Compiler>
				<MakeCommands>
					<Build command="/usr/bin/make -f &quot;/Users/hanchen/Documents/XTP_API_20180305_1.1.16.20-clang/demo/XTPApiDemo-1.1.16.20/src/Makefile&quot;  VERBOSE=1 XTPApiDemo/fast"/>
					<CompileFile command="/usr/bin/make -f &quot;/Users/hanchen/Documents/XTP_API_20180305_1.1.16.20-clang/demo/XTPApiDemo-1.1.16.20/src/Makefile&quot;  VERBOSE=1 &quot;$file&quot;"/>
					<Clean command="/usr/bin/make -f &quot;/Users/hanchen/Documents/XTP_API_20180305_1.1.16.20-clang/demo/XTPApiDemo-1.1.16.20/src/Makefile&quot;  VERBOSE=1 clean"/>
					<DistClean command="/usr/bin/make -f &quot;/Users/hanchen/Documents/XTP_API_20180305_1.1.16.20-clang/demo/XTPApiDemo-1.1.16.20/src/Makefile&quot;  VERBOSE=1 clean"/>
				</MakeCommands>
			</Target>
		</Build>
		<Unit filename="/Users/hanchen/Documents/XTP_API_20180305_1.1.16.20-clang/demo/XTPApiDemo-1.1.16.20/src/FileUtils.cpp">
			<Option target="XTPApiDemo"/>
		</Unit>
		<Unit filename="/Users/hanchen/Documents/XTP_API_20180305_1.1.16.20-clang/demo/XTPApiDemo-1.1.16.20/src/FileUtils.h">
			<Option target="XTPApiDemo"/>
		</Unit>
		<Unit filename="/Users/hanchen/Documents/XTP_API_20180305_1.1.16.20-clang/demo/XTPApiDemo-1.1.16.20/src/quote_spi.cpp">
			<Option target="XTPApiDemo"/>
		</Unit>
		<Unit filename="/Users/hanchen/Documents/XTP_API_20180305_1.1.16.20-clang/demo/XTPApiDemo-1.1.16.20/src/quote_spi.h">
			<Option target="XTPApiDemo"/>
		</Unit>
		<Unit filename="/Users/hanchen/Documents/XTP_API_20180305_1.1.16.20-clang/demo/XTPApiDemo-1.1.16.20/src/trade_spi.cpp">
			<Option target="XTPApiDemo"/>
		</Unit>
		<Unit filename="/Users/hanchen/Documents/XTP_API_20180305_1.1.16.20-clang/demo/XTPApiDemo-1.1.16.20/src/trade_spi.h">
			<Option target="XTPApiDemo"/>
		</Unit>
		<Unit filename="/Users/hanchen/Documents/XTP_API_20180305_1.1.16.20-clang/demo/XTPApiDemo-1.1.16.20/src/xtp_api_demo.cpp">
			<Option target="XTPApiDemo"/>
		</Unit>
		<Unit filename="/Users/hanchen/Documents/XTP_API_20180305_1.1.16.20-clang/demo/XTPApiDemo-1.1.16.20/CMakeLists.txt">
			<Option virtualFolder="CMake Files\"/>
		</Unit>
		<Unit filename="/Users/hanchen/Documents/XTP_API_20180305_1.1.16.20-clang/demo/XTPApiDemo-1.1.16.20/src/CMakeLists.txt">
			<Option virtualFolder="CMake Files\src\"/>
		</Unit>
	</Project>
</CodeBlocks_project_file>
